
Microsoft Visual Studio Solution File, Format Version 12.00
Project("{FAE04EC0-301F-11D3-BF4B-00C04F79EFBC}") = "OnlineShop.WebApi", "backend\OnlineShop.WebApi\OnlineShop.WebApi.csproj", "{6688FA4E-D207-4066-9EDA-EDC0A14D72F1}"
EndProject
Project("{FAE04EC0-301F-11D3-BF4B-00C04F79EFBC}") = "OnlineShop.HttpModels", "shared\OnlineShop.HttpModels\OnlineShop.HttpModels.csproj", "{A76EBF51-4AC3-424E-AB54-54FB849F06EF}"
EndProject
Project("{FAE04EC0-301F-11D3-BF4B-00C04F79EFBC}") = "OnlineShop.HttpApiClient", "frontend\OnlineShop.HttpApiClient\OnlineShop.HttpApiClient.csproj", "{8EAF5CDF-5E44-40BD-B90C-41BB597084F8}"
EndProject
Project("{FAE04EC0-301F-11D3-BF4B-00C04F79EFBC}") = "OnlineShop.HttpClient.Test", "frontend\OnlineShop.HttpClient.Test\OnlineShop.HttpClient.Test.csproj", "{3FAE2CCF-44FE-4A19-B095-3D27097E361B}"
EndProject
Project("{FAE04EC0-301F-11D3-BF4B-00C04F79EFBC}") = "OnlineShop.BlazorClient", "frontend\OnlineShop.BlazorClient\OnlineShop.BlazorClient.csproj", "{E198CB2A-FA0B-40B4-9027-B450AB8962AE}"
EndProject
Project("{FAE04EC0-301F-11D3-BF4B-00C04F79EFBC}") = "OnlineShop.Data", "backend\OnlineShop.Data\OnlineShop.Data.csproj", "{428AB5D5-5598-43F6-968B-510E63491352}"
EndProject
Project("{FAE04EC0-301F-11D3-BF4B-00C04F79EFBC}") = "OnlineShop.Domain", "backend\OnlineShop.Domain\OnlineShop.Domain.csproj", "{800A44C0-0969-4A5A-852B-B67E21FF93DA}"
EndProject
Project("{2150E333-8FDC-42A3-9474-1A3956D46DE8}") = "frontend", "frontend", "{C95B37C9-428E-44CF-9E22-923CAD93BD75}"
EndProject
Project("{2150E333-8FDC-42A3-9474-1A3956D46DE8}") = "backend", "backend", "{CA9AAD37-A912-4E3F-B260-C1A8E91D9E18}"
EndProject
Project("{2150E333-8FDC-42A3-9474-1A3956D46DE8}") = "shared", "shared", "{F5910B64-EBEB-484B-8361-0D22B76EBF17}"
EndProject
Project("{FAE04EC0-301F-11D3-BF4B-00C04F79EFBC}") = "OnlineShop.Domain.MockTest", "OnlineShop.Domain.MockTest\OnlineShop.Domain.MockTest.csproj", "{C99E293B-6D1A-4BD2-824C-A773D84B072B}"
EndProject
Project("{2150E333-8FDC-42A3-9474-1A3956D46DE8}") = "tests", "tests", "{0E1FD4C0-FDE3-46B8-B6E9-F7D73CB0C865}"
EndProject
Project("{FAE04EC0-301F-11D3-BF4B-00C04F79EFBC}") = "OnlineShop.WebApi.InegrationsTests", "OnlineShop.WebApi.InegrationsTests\OnlineShop.WebApi.InegrationsTests.csproj", "{942FE524-9B99-4922-B8EF-2D9A5873FAC3}"
EndProject
Global
	GlobalSection(SolutionConfigurationPlatforms) = preSolution
		Debug|Any CPU = Debug|Any CPU
		Release|Any CPU = Release|Any CPU
	EndGlobalSection
	GlobalSection(ProjectConfigurationPlatforms) = postSolution
		{6688FA4E-D207-4066-9EDA-EDC0A14D72F1}.Debug|Any CPU.ActiveCfg = Debug|Any CPU
		{6688FA4E-D207-4066-9EDA-EDC0A14D72F1}.Debug|Any CPU.Build.0 = Debug|Any CPU
		{6688FA4E-D207-4066-9EDA-EDC0A14D72F1}.Release|Any CPU.ActiveCfg = Release|Any CPU
		{6688FA4E-D207-4066-9EDA-EDC0A14D72F1}.Release|Any CPU.Build.0 = Release|Any CPU
		{A76EBF51-4AC3-424E-AB54-54FB849F06EF}.Debug|Any CPU.ActiveCfg = Debug|Any CPU
		{A76EBF51-4AC3-424E-AB54-54FB849F06EF}.Debug|Any CPU.Build.0 = Debug|Any CPU
		{A76EBF51-4AC3-424E-AB54-54FB849F06EF}.Release|Any CPU.ActiveCfg = Release|Any CPU
		{A76EBF51-4AC3-424E-AB54-54FB849F06EF}.Release|Any CPU.Build.0 = Release|Any CPU
		{8EAF5CDF-5E44-40BD-B90C-41BB597084F8}.Debug|Any CPU.ActiveCfg = Debug|Any CPU
		{8EAF5CDF-5E44-40BD-B90C-41BB597084F8}.Debug|Any CPU.Build.0 = Debug|Any CPU
		{8EAF5CDF-5E44-40BD-B90C-41BB597084F8}.Release|Any CPU.ActiveCfg = Release|Any CPU
		{8EAF5CDF-5E44-40BD-B90C-41BB597084F8}.Release|Any CPU.Build.0 = Release|Any CPU
		{3FAE2CCF-44FE-4A19-B095-3D27097E361B}.Debug|Any CPU.ActiveCfg = Debug|Any CPU
		{3FAE2CCF-44FE-4A19-B095-3D27097E361B}.Debug|Any CPU.Build.0 = Debug|Any CPU
		{3FAE2CCF-44FE-4A19-B095-3D27097E361B}.Release|Any CPU.ActiveCfg = Release|Any CPU
		{3FAE2CCF-44FE-4A19-B095-3D27097E361B}.Release|Any CPU.Build.0 = Release|Any CPU
		{E198CB2A-FA0B-40B4-9027-B450AB8962AE}.Debug|Any CPU.ActiveCfg = Debug|Any CPU
		{E198CB2A-FA0B-40B4-9027-B450AB8962AE}.Debug|Any CPU.Build.0 = Debug|Any CPU
		{E198CB2A-FA0B-40B4-9027-B450AB8962AE}.Release|Any CPU.ActiveCfg = Release|Any CPU
		{E198CB2A-FA0B-40B4-9027-B450AB8962AE}.Release|Any CPU.Build.0 = Release|Any CPU
		{428AB5D5-5598-43F6-968B-510E63491352}.Debug|Any CPU.ActiveCfg = Debug|Any CPU
		{428AB5D5-5598-43F6-968B-510E63491352}.Debug|Any CPU.Build.0 = Debug|Any CPU
		{428AB5D5-5598-43F6-968B-510E63491352}.Release|Any CPU.ActiveCfg = Release|Any CPU
		{428AB5D5-5598-43F6-968B-510E63491352}.Release|Any CPU.Build.0 = Release|Any CPU
		{800A44C0-0969-4A5A-852B-B67E21FF93DA}.Debug|Any CPU.ActiveCfg = Debug|Any CPU
		{800A44C0-0969-4A5A-852B-B67E21FF93DA}.Debug|Any CPU.Build.0 = Debug|Any CPU
		{800A44C0-0969-4A5A-852B-B67E21FF93DA}.Release|Any CPU.ActiveCfg = Release|Any CPU
		{800A44C0-0969-4A5A-852B-B67E21FF93DA}.Release|Any CPU.Build.0 = Release|Any CPU
		{C99E293B-6D1A-4BD2-824C-A773D84B072B}.Debug|Any CPU.ActiveCfg = Debug|Any CPU
		{C99E293B-6D1A-4BD2-824C-A773D84B072B}.Debug|Any CPU.Build.0 = Debug|Any CPU
		{C99E293B-6D1A-4BD2-824C-A773D84B072B}.Release|Any CPU.ActiveCfg = Release|Any CPU
		{C99E293B-6D1A-4BD2-824C-A773D84B072B}.Release|Any CPU.Build.0 = Release|Any CPU
		{942FE524-9B99-4922-B8EF-2D9A5873FAC3}.Debug|Any CPU.ActiveCfg = Debug|Any CPU
		{942FE524-9B99-4922-B8EF-2D9A5873FAC3}.Debug|Any CPU.Build.0 = Debug|Any CPU
		{942FE524-9B99-4922-B8EF-2D9A5873FAC3}.Release|Any CPU.ActiveCfg = Release|Any CPU
		{942FE524-9B99-4922-B8EF-2D9A5873FAC3}.Release|Any CPU.Build.0 = Release|Any CPU
	EndGlobalSection
	GlobalSection(NestedProjects) = preSolution
		{E198CB2A-FA0B-40B4-9027-B450AB8962AE} = {C95B37C9-428E-44CF-9E22-923CAD93BD75}
		{8EAF5CDF-5E44-40BD-B90C-41BB597084F8} = {C95B37C9-428E-44CF-9E22-923CAD93BD75}
		{3FAE2CCF-44FE-4A19-B095-3D27097E361B} = {C95B37C9-428E-44CF-9E22-923CAD93BD75}
		{428AB5D5-5598-43F6-968B-510E63491352} = {CA9AAD37-A912-4E3F-B260-C1A8E91D9E18}
		{6688FA4E-D207-4066-9EDA-EDC0A14D72F1} = {CA9AAD37-A912-4E3F-B260-C1A8E91D9E18}
		{800A44C0-0969-4A5A-852B-B67E21FF93DA} = {CA9AAD37-A912-4E3F-B260-C1A8E91D9E18}
		{A76EBF51-4AC3-424E-AB54-54FB849F06EF} = {F5910B64-EBEB-484B-8361-0D22B76EBF17}
		{C99E293B-6D1A-4BD2-824C-A773D84B072B} = {CA9AAD37-A912-4E3F-B260-C1A8E91D9E18}
		{942FE524-9B99-4922-B8EF-2D9A5873FAC3} = {0E1FD4C0-FDE3-46B8-B6E9-F7D73CB0C865}
	EndGlobalSection
EndGlobal
